PODS:
  - SnapKit (3.1.2)
  - SVProgressHUD (2.1.2)

DEPENDENCIES:
  - SnapKit (~> 3.1.2)
  - SVProgressHUD (~> 2.1.2)

SPEC CHECKSUMS:
  SnapKit: 12b24f569cb7c143acc9c22b9d91b23e7b1c84a2
  SVProgressHUD: c404a55d78acbeb7ebb78b76d3faf986475a6994

PODFILE CHECKSUM: d3cae9af4eb55036fdd380967e3581b9b51cd788

COCOAPODS: 1.1.1
