// !$*UTF8*$!
{
	archiveVersion = 1;
	classes = {
	};
	objectVersion = 46;
	objects = {

/* Begin PBXBuildFile section */
		3A367E7A1E279E620092FFA2 /* AppDelegate.swift in Sources */ = {isa = PBXBuildFile; fileRef = 3A367E791E279E620092FFA2 /* AppDelegate.swift */; };
		3A367E7C1E279E620092FFA2 /* ViewController.swift in Sources */ = {isa = PBXBuildFile; fileRef = 3A367E7B1E279E620092FFA2 /* ViewController.swift */; };
		3A367E811E279E620092FFA2 /* Assets.xcassets in Resources */ = {isa = PBXBuildFile; fileRef = 3A367E801E279E620092FFA2 /* Assets.xcassets */; };
		3A367E841E279E620092FFA2 /* LaunchScreen.storyboard in Resources */ = {isa = PBXBuildFile; fileRef = 3A367E821E279E620092FFA2 /* LaunchScreen.storyboard */; };
		3A367E8E1E27A05B0092FFA2 /* UILabel+Extension.swift in Sources */ = {isa = PBXBuildFile; fileRef = 3A367E8D1E27A05B0092FFA2 /* UILabel+Extension.swift */; };
		3A367E901E27AF3F0092FFA2 /* SVProgressHUD.bundle in Resources */ = {isa = PBXBuildFile; fileRef = 3A367E8F1E27AF3F0092FFA2 /* SVProgressHUD.bundle */; };
		3A367E921E27B0AA0092FFA2 /* Common.swift in Sources */ = {isa = PBXBuildFile; fileRef = 3A367E911E27B0AA0092FFA2 /* Common.swift */; };
		90F27158913A23CD063AAF33 /* Pods_swift_UITextViewDemo.framework in Frameworks */ = {isa = PBXBuildFile; fileRef = 2688F7C0163A3DF8EBDF0B7F /* Pods_swift_UITextViewDemo.framework */; };
/* End PBXBuildFile section */

/* Begin PBXFileReference section */
		1B0FB9FAAF8435D82C456EED /* Pods-swift-UITextViewDemo.release.xcconfig */ = {isa = PBXFileReference; includeInIndex = 1; lastKnownFileType = text.xcconfig; name = "Pods-swift-UITextViewDemo.release.xcconfig"; path = "Pods/Target Support Files/Pods-swift-UITextViewDemo/Pods-swift-UITextViewDemo.release.xcconfig"; sourceTree = "<group>"; };
		2688F7C0163A3DF8EBDF0B7F /* Pods_swift_UITextViewDemo.framework */ = {isa = PBXFileReference; explicitFileType = wrapper.framework; includeInIndex = 0; path = Pods_swift_UITextViewDemo.framework; sourceTree = BUILT_PRODUCTS_DIR; };
		3A367E761E279E620092FFA2 /* swift-UITextViewDemo.app */ = {isa = PBXFileReference; explicitFileType = wrapper.application; includeInIndex = 0; path = "swift-UITextViewDemo.app"; sourceTree = BUILT_PRODUCTS_DIR; };
		3A367E791E279E620092FFA2 /* AppDelegate.swift */ = {isa = PBXFileReference; lastKnownFileType = sourcecode.swift; path = AppDelegate.swift; sourceTree = "<group>"; };
		3A367E7B1E279E620092FFA2 /* ViewController.swift */ = {isa = PBXFileReference; lastKnownFileType = sourcecode.swift; path = ViewController.swift; sourceTree = "<group>"; };
		3A367E801E279E620092FFA2 /* Assets.xcassets */ = {isa = PBXFileReference; lastKnownFileType = folder.assetcatalog; path = Assets.xcassets; sourceTree = "<group>"; };
		3A367E831E279E620092FFA2 /* Base */ = {isa = PBXFileReference; lastKnownFileType = file.storyboard; name = Base; path = Base.lproj/LaunchScreen.storyboard; sourceTree = "<group>"; };
		3A367E851E279E620092FFA2 /* Info.plist */ = {isa = PBXFileReference; lastKnownFileType = text.plist.xml; path = Info.plist; sourceTree = "<group>"; };
		3A367E8D1E27A05B0092FFA2 /* UILabel+Extension.swift */ = {isa = PBXFileReference; fileEncoding = 4; lastKnownFileType = sourcecode.swift; path = "UILabel+Extension.swift"; sourceTree = "<group>"; };
		3A367E8F1E27AF3F0092FFA2 /* SVProgressHUD.bundle */ = {isa = PBXFileReference; lastKnownFileType = "wrapper.plug-in"; name = SVProgressHUD.bundle; path = Pods/SVProgressHUD/SVProgressHUD/SVProgressHUD.bundle; sourceTree = "<group>"; };
		3A367E911E27B0AA0092FFA2 /* Common.swift */ = {isa = PBXFileReference; fileEncoding = 4; lastKnownFileType = sourcecode.swift; path = Common.swift; sourceTree = "<group>"; };
		5FBC573F342FF3ADBB7FD0D7 /* Pods-swift-UITextViewDemo.debug.xcconfig */ = {isa = PBXFileReference; includeInIndex = 1; lastKnownFileType = text.xcconfig; name = "Pods-swift-UITextViewDemo.debug.xcconfig"; path = "Pods/Target Support Files/Pods-swift-UITextViewDemo/Pods-swift-UITextViewDemo.debug.xcconfig"; sourceTree = "<group>"; };
/* End PBXFileReference section */

/* Begin PBXFrameworksBuildPhase section */
		3A367E731E279E620092FFA2 /* Frameworks */ = {
			isa = PBXFrameworksBuildPhase;
			buildActionMask = 2147483647;
			files = (
				90F27158913A23CD063AAF33 /* Pods_swift_UITextViewDemo.framework in Frameworks */,
			);
			runOnlyForDeploymentPostprocessing = 0;
		};
/* End PBXFrameworksBuildPhase section */

/* Begin PBXGroup section */
		3A367E6D1E279E620092FFA2 = {
			isa = PBXGroup;
			children = (
				3A367E8F1E27AF3F0092FFA2 /* SVProgressHUD.bundle */,
				3A367E781E279E620092FFA2 /* swift-UITextViewDemo */,
				3A367E771E279E620092FFA2 /* Products */,
				A7A97E6ADBD96422F72FE084 /* Pods */,
				AFB8A31214CBF24B260FD94E /* Frameworks */,
			);
			sourceTree = "<group>";
		};
		3A367E771E279E620092FFA2 /* Products */ = {
			isa = PBXGroup;
			children = (
				3A367E761E279E620092FFA2 /* swift-UITextViewDemo.app */,
			);
			name = Products;
			sourceTree = "<group>";
		};
		3A367E781E279E620092FFA2 /* swift-UITextViewDemo */ = {
			isa = PBXGroup;
			children = (
				3A367E791E279E620092FFA2 /* AppDelegate.swift */,
				3A367E8D1E27A05B0092FFA2 /* UILabel+Extension.swift */,
				3A367E911E27B0AA0092FFA2 /* Common.swift */,
				3A367E7B1E279E620092FFA2 /* ViewController.swift */,
				3A367E801E279E620092FFA2 /* Assets.xcassets */,
				3A367E821E279E620092FFA2 /* LaunchScreen.storyboard */,
				3A367E851E279E620092FFA2 /* Info.plist */,
			);
			path = "swift-UITextViewDemo";
			sourceTree = "<group>";
		};
		A7A97E6ADBD96422F72FE084 /* Pods */ = {
			isa = PBXGroup;
			children = (
				5FBC573F342FF3ADBB7FD0D7 /* Pods-swift-UITextViewDemo.debug.xcconfig */,
				1B0FB9FAAF8435D82C456EED /* Pods-swift-UITextViewDemo.release.xcconfig */,
			);
			name = Pods;
			sourceTree = "<group>";
		};
		AFB8A31214CBF24B260FD94E /* Frameworks */ = {
			isa = PBXGroup;
			children = (
				2688F7C0163A3DF8EBDF0B7F /* Pods_swift_UITextViewDemo.framework */,
			);
			name = Frameworks;
			sourceTree = "<group>";
		};
/* End PBXGroup section */

/* Begin PBXNativeTarget section */
		3A367E751E279E620092FFA2 /* swift-UITextViewDemo */ = {
			isa = PBXNativeTarget;
			buildConfigurationList = 3A367E881E279E620092FFA2 /* Build configuration list for PBXNativeTarget "swift-UITextViewDemo" */;
			buildPhases = (
				14D31E8ECC46EB87218F4272 /* [CP] Check Pods Manifest.lock */,
				3A367E721E279E620092FFA2 /* Sources */,
				3A367E731E279E620092FFA2 /* Frameworks */,
				3A367E741E279E620092FFA2 /* Resources */,
				8604C1C79DEF55E5F7860A61 /* [CP] Embed Pods Frameworks */,
				CDDE5251B451BD0C472E7881 /* [CP] Copy Pods Resources */,
			);
			buildRules = (
			);
			dependencies = (
			);
			name = "swift-UITextViewDemo";
			productName = "swift-UITextViewDemo";
			productReference = 3A367E761E279E620092FFA2 /* swift-UITextViewDemo.app */;
			productType = "com.apple.product-type.application";
		};
/* End PBXNativeTarget section */

/* Begin PBXProject section */
		3A367E6E1E279E620092FFA2 /* Project object */ = {
			isa = PBXProject;
			attributes = {
				LastSwiftUpdateCheck = 0820;
				LastUpgradeCheck = 0820;
				ORGANIZATIONNAME = yanmai;
				TargetAttributes = {
					3A367E751E279E620092FFA2 = {
						CreatedOnToolsVersion = 8.2.1;
						DevelopmentTeam = ZVW9K3UFJE;
						ProvisioningStyle = Automatic;
					};
				};
			};
			buildConfigurationList = 3A367E711E279E620092FFA2 /* Build configuration list for PBXProject "swift-UITextViewDemo" */;
			compatibilityVersion = "Xcode 3.2";
			developmentRegion = English;
			hasScannedForEncodings = 0;
			knownRegions = (
				en,
				Base,
			);
			mainGroup = 3A367E6D1E279E620092FFA2;
			productRefGroup = 3A367E771E279E620092FFA2 /* Products */;
			projectDirPath = "";
			projectRoot = "";
			targets = (
				3A367E751E279E620092FFA2 /* swift-UITextViewDemo */,
			);
		};
/* End PBXProject section */

/* Begin PBXResourcesBuildPhase section */
		3A367E741E279E620092FFA2 /* Resources */ = {
			isa = PBXResourcesBuildPhase;
			buildActionMask = 2147483647;
			files = (
				3A367E901E27AF3F0092FFA2 /* SVProgressHUD.bundle in Resources */,
				3A367E841E279E620092FFA2 /* LaunchScreen.storyboard in Resources */,
				3A367E811E279E620092FFA2 /* Assets.xcassets in Resources */,
			);
			runOnlyForDeploymentPostprocessing = 0;
		};
/* End PBXResourcesBuildPhase section */

/* Begin PBXShellScriptBuildPhase section */
		14D31E8ECC46EB87218F4272 /* [CP] Check Pods Manifest.lock */ = {
			isa = PBXShellScriptBuildPhase;
			buildActionMask = 2147483647;
			files = (
			);
			inputPaths = (
			);
			name = "[CP] Check Pods Manifest.lock";
			outputPaths = (
			);
			runOnlyForDeploymentPostprocessing = 0;
			shellPath = /bin/sh;
			shellScript = "diff \"${PODS_ROOT}/../Podfile.lock\" \"${PODS_ROOT}/Manifest.lock\" > /dev/null\nif [ $? != 0 ] ; then\n    # print error to STDERR\n    echo \"error: The sandbox is not in sync with the Podfile.lock. Run 'pod install' or update your CocoaPods installation.\" >&2\n    exit 1\nfi\n";
			showEnvVarsInLog = 0;
		};
		8604C1C79DEF55E5F7860A61 /* [CP] Embed Pods Frameworks */ = {
			isa = PBXShellScriptBuildPhase;
			buildActionMask = 2147483647;
			files = (
			);
			inputPaths = (
			);
			name = "[CP] Embed Pods Frameworks";
			outputPaths = (
			);
			runOnlyForDeploymentPostprocessing = 0;
			shellPath = /bin/sh;
			shellScript = "\"${SRCROOT}/Pods/Target Support Files/Pods-swift-UITextViewDemo/Pods-swift-UITextViewDemo-frameworks.sh\"\n";
			showEnvVarsInLog = 0;
		};
		CDDE5251B451BD0C472E7881 /* [CP] Copy Pods Resources */ = {
			isa = PBXShellScriptBuildPhase;
			buildActionMask = 2147483647;
			files = (
			);
			inputPaths = (
			);
			name = "[CP] Copy Pods Resources";
			outputPaths = (
			);
			runOnlyForDeploymentPostprocessing = 0;
			shellPath = /bin/sh;
			shellScript = "\"${SRCROOT}/Pods/Target Support Files/Pods-swift-UITextViewDemo/Pods-swift-UITextViewDemo-resources.sh\"\n";
			showEnvVarsInLog = 0;
		};
/* End PBXShellScriptBuildPhase section */

/* Begin PBXSourcesBuildPhase section */
		3A367E721E279E620092FFA2 /* Sources */ = {
			isa = PBXSourcesBuildPhase;
			buildActionMask = 2147483647;
			files = (
				3A367E921E27B0AA0092FFA2 /* Common.swift in Sources */,
				3A367E7C1E279E620092FFA2 /* ViewController.swift in Sources */,
				3A367E7A1E279E620092FFA2 /* AppDelegate.swift in Sources */,
				3A367E8E1E27A05B0092FFA2 /* UILabel+Extension.swift in Sources */,
			);
			runOnlyForDeploymentPostprocessing = 0;
		};
/* End PBXSourcesBuildPhase section */

/* Begin PBXVariantGroup section */
		3A367E821E279E620092FFA2 /* LaunchScreen.storyboard */ = {
			isa = PBXVariantGroup;
			children = (
				3A367E831E279E620092FFA2 /* Base */,
			);
			name = LaunchScreen.storyboard;
			sourceTree = "<group>";
		};
/* End PBXVariantGroup section */

/* Begin XCBuildConfiguration section */
		3A367E861E279E620092FFA2 /* Debug */ = {
			isa = XCBuildConfiguration;
			buildSettings = {
				ALWAYS_SEARCH_USER_PATHS = NO;
				CLANG_ANALYZER_NONNULL = YES;
				CLANG_CXX_LANGUAGE_STANDARD = "gnu++0x";
				CLANG_CXX_LIBRARY = "libc++";
				CLANG_ENABLE_MODULES = YES;
				CLANG_ENABLE_OBJC_ARC = YES;
				CLANG_WARN_BOOL_CONVERSION = YES;
				CLANG_WARN_CONSTANT_CONVERSION = YES;
				CLANG_WARN_DIRECT_OBJC_ISA_USAGE = YES_ERROR;
				CLANG_WARN_DOCUMENTATION_COMMENTS = YES;
				CLANG_WARN_EMPTY_BODY = YES;
				CLANG_WARN_ENUM_CONVERSION = YES;
				CLANG_WARN_INFINITE_RECURSION = YES;
				CLANG_WARN_INT_CONVERSION = YES;
				CLANG_WARN_OBJC_ROOT_CLASS = YES_ERROR;
				CLANG_WARN_SUSPICIOUS_MOVE = YES;
				CLANG_WARN_UNREACHABLE_CODE = YES;
				CLANG_WARN__DUPLICATE_METHOD_MATCH = YES;
				"CODE_SIGN_IDENTITY[sdk=iphoneos*]" = "iPhone Developer";
				COPY_PHASE_STRIP = NO;
				DEBUG_INFORMATION_FORMAT = dwarf;
				ENABLE_STRICT_OBJC_MSGSEND = YES;
				ENABLE_TESTABILITY = YES;
				GCC_C_LANGUAGE_STANDARD = gnu99;
				GCC_DYNAMIC_NO_PIC = NO;
				GCC_NO_COMMON_BLOCKS = YES;
				GCC_OPTIMIZATION_LEVEL = 0;
				GCC_PREPROCESSOR_DEFINITIONS = (
					"DEBUG=1",
					"$(inherited)",
				);
				GCC_WARN_64_TO_32_BIT_CONVERSION = YES;
				GCC_WARN_ABOUT_RETURN_TYPE = YES_ERROR;
				GCC_WARN_UNDECLARED_SELECTOR = YES;
				GCC_WARN_UNINITIALIZED_AUTOS = YES_AGGRESSIVE;
				GCC_WARN_UNUSED_FUNCTION = YES;
				GCC_WARN_UNUSED_VARIABLE = YES;
				IPHONEOS_DEPLOYMENT_TARGET = 10.2;
				MTL_ENABLE_DEBUG_INFO = YES;
				ONLY_ACTIVE_ARCH = YES;
				SDKROOT = iphoneos;
				SWIFT_ACTIVE_COMPILATION_CONDITIONS = DEBUG;
				SWIFT_OPTIMIZATION_LEVEL = "-Onone";
				TARGETED_DEVICE_FAMILY = "1,2";
			};
			name = Debug;
		};
		3A367E871E279E620092FFA2 /* Release */ = {
			isa = XCBuildConfiguration;
			buildSettings = {
				ALWAYS_SEARCH_USER_PATHS = NO;
				CLANG_ANALYZER_NONNULL = YES;
				CLANG_CXX_LANGUAGE_STANDARD = "gnu++0x";
				CLANG_CXX_LIBRARY = "libc++";
				CLANG_ENABLE_MODULES = YES;
				CLANG_ENABLE_OBJC_ARC = YES;
				CLANG_WARN_BOOL_CONVERSION = YES;
				CLANG_WARN_CONSTANT_CONVERSION = YES;
				CLANG_WARN_DIRECT_OBJC_ISA_USAGE = YES_ERROR;
				CLANG_WARN_DOCUMENTATION_COMMENTS = YES;
				CLANG_WARN_EMPTY_BODY = YES;
				CLANG_WARN_ENUM_CONVERSION = YES;
				CLANG_WARN_INFINITE_RECURSION = YES;
				CLANG_WARN_INT_CONVERSION = YES;
				CLANG_WARN_OBJC_ROOT_CLASS = YES_ERROR;
				CLANG_WARN_SUSPICIOUS_MOVE = YES;
				CLANG_WARN_UNREACHABLE_CODE = YES;
				CLANG_WARN__DUPLICATE_METHOD_MATCH = YES;
				"CODE_SIGN_IDENTITY[sdk=iphoneos*]" = "iPhone Developer";
				COPY_PHASE_STRIP = NO;
				DEBUG_INFORMATION_FORMAT = "dwarf-with-dsym";
				ENABLE_NS_ASSERTIONS = NO;
				ENABLE_STRICT_OBJC_MSGSEND = YES;
				GCC_C_LANGUAGE_STANDARD = gnu99;
				GCC_NO_COMMON_BLOCKS = YES;
				GCC_WARN_64_TO_32_BIT_CONVERSION = YES;
				GCC_WARN_ABOUT_RETURN_TYPE = YES_ERROR;
				GCC_WARN_UNDECLARED_SELECTOR = YES;
				GCC_WARN_UNINITIALIZED_AUTOS = YES_AGGRESSIVE;
				GCC_WARN_UNUSED_FUNCTION = YES;
				GCC_WARN_UNUSED_VARIABLE = YES;
				IPHONEOS_DEPLOYMENT_TARGET = 10.2;
				MTL_ENABLE_DEBUG_INFO = NO;
				SDKROOT = iphoneos;
				SWIFT_OPTIMIZATION_LEVEL = "-Owholemodule";
				TARGETED_DEVICE_FAMILY = "1,2";
				VALIDATE_PRODUCT = YES;
			};
			name = Release;
		};
		3A367E891E279E620092FFA2 /* Debug */ = {
			isa = XCBuildConfiguration;
			baseConfigurationReference = 5FBC573F342FF3ADBB7FD0D7 /* Pods-swift-UITextViewDemo.debug.xcconfig */;
			buildSettings = {
				ASSETCATALOG_COMPILER_APPICON_NAME = AppIcon;
				DEVELOPMENT_TEAM = ZVW9K3UFJE;
				INFOPLIST_FILE = "swift-UITextViewDemo/Info.plist";
				LD_RUNPATH_SEARCH_PATHS = "$(inherited) @executable_path/Frameworks";
				PRODUCT_BUNDLE_IDENTIFIER = "yanmai01.swift-UITextViewDemo";
				PRODUCT_NAME = "$(TARGET_NAME)";
				SWIFT_VERSION = 3.0;
			};
			name = Debug;
		};
		3A367E8A1E279E620092FFA2 /* Release */ = {
			isa = XCBuildConfiguration;
			baseConfigurationReference = 1B0FB9FAAF8435D82C456EED /* Pods-swift-UITextViewDemo.release.xcconfig */;
			buildSettings = {
				ASSETCATALOG_COMPILER_APPICON_NAME = AppIcon;
				DEVELOPMENT_TEAM = ZVW9K3UFJE;
				INFOPLIST_FILE = "swift-UITextViewDemo/Info.plist";
				LD_RUNPATH_SEARCH_PATHS = "$(inherited) @executable_path/Frameworks";
				PRODUCT_BUNDLE_IDENTIFIER = "yanmai01.swift-UITextViewDemo";
				PRODUCT_NAME = "$(TARGET_NAME)";
				SWIFT_VERSION = 3.0;
			};
			name = Release;
		};
/* End XCBuildConfiguration section */

/* Begin XCConfigurationList section */
		3A367E711E279E620092FFA2 /* Build configuration list for PBXProject "swift-UITextViewDemo" */ = {
			isa = XCConfigurationList;
			buildConfigurations = (
				3A367E861E279E620092FFA2 /* Debug */,
				3A367E871E279E620092FFA2 /* Release */,
			);
			defaultConfigurationIsVisible = 0;
			defaultConfigurationName = Release;
		};
		3A367E881E279E620092FFA2 /* Build configuration list for PBXNativeTarget "swift-UITextViewDemo" */ = {
			isa = XCConfigurationList;
			buildConfigurations = (
				3A367E891E279E620092FFA2 /* Debug */,
				3A367E8A1E279E620092FFA2 /* Release */,
			);
			defaultConfigurationIsVisible = 0;
			defaultConfigurationName = Release;
		};
/* End XCConfigurationList section */
	};
	rootObject = 3A367E6E1E279E620092FFA2 /* Project object */;
}
